
Microsoft Visual Studio Solution File, Format Version 12.00
# Visual Studio Version 16
VisualStudioVersion = 16.0.30011.22
MinimumVisualStudioVersion = 10.0.40219.1
Project("{FAE04EC0-301F-11D3-BF4B-00C04F79EFBC}") = "MovieService1", "MovieService1\MovieService1.csproj", "{1C625615-5D03-4A64-B1AC-1C3C246A4738}"
EndProject
Global
	GlobalSection(SolutionConfigurationPlatforms) = preSolution
		Debug|Any CPU = Debug|Any CPU
		Release|Any CPU = Release|Any CPU
	EndGlobalSection
	GlobalSection(ProjectConfigurationPlatforms) = postSolution
		{1C625615-5D03-4A64-B1AC-1C3C246A4738}.Debug|Any CPU.ActiveCfg = Debug|Any CPU
		{1C625615-5D03-4A64-B1AC-1C3C246A4738}.Debug|Any CPU.Build.0 = Debug|Any CPU
		{1C625615-5D03-4A64-B1AC-1C3C246A4738}.Release|Any CPU.ActiveCfg = Release|Any CPU
		{1C625615-5D03-4A64-B1AC-1C3C246A4738}.Release|Any CPU.Build.0 = Release|Any CPU
	EndGlobalSection
	GlobalSection(SolutionProperties) = preSolution
		HideSolutionNode = FALSE
	EndGlobalSection
	GlobalSection(ExtensibilityGlobals) = postSolution
		SolutionGuid = {F8B3B073-0191-429B-9B7C-D2AF556524FF}
	EndGlobalSection
EndGlobal
